
Microsoft Visual Studio Solution File, Format Version 12.00
# Visual Studio Version 16
VisualStudioVersion = 16.0.31105.61
MinimumVisualStudioVersion = 10.0.40219.1
Project("{FAE04EC0-301F-11D3-BF4B-00C04F79EFBC}") = "Business", "Business\Business.csproj", "{43F977AC-A7A6-4118-BE67-69990B240006}"
EndProject
Project("{FAE04EC0-301F-11D3-BF4B-00C04F79EFBC}") = "DataAccess", "DataAccess\DataAccess.csproj", "{9ED5DD8A-14B2-49F6-B4F9-3B971FC9A5BF}"
EndProject
Project("{FAE04EC0-301F-11D3-BF4B-00C04F79EFBC}") = "Core", "Core\Core.csproj", "{1779683E-304A-4A86-B1F8-47F918282D2B}"
EndProject
Project("{FAE04EC0-301F-11D3-BF4B-00C04F79EFBC}") = "Entities", "Entities\Entities.csproj", "{927AB22A-54D5-4F65-A86A-4EC0A1296965}"
EndProject
Project("{FAE04EC0-301F-11D3-BF4B-00C04F79EFBC}") = "WebAPI", "WebAPI\WebAPI.csproj", "{22596C32-D430-411F-8ADD-2029919729F1}"
EndProject
Global
	GlobalSection(SolutionConfigurationPlatforms) = preSolution
		Debug|Any CPU = Debug|Any CPU
		Release|Any CPU = Release|Any CPU
	EndGlobalSection
	GlobalSection(ProjectConfigurationPlatforms) = postSolution
		{43F977AC-A7A6-4118-BE67-69990B240006}.Debug|Any CPU.ActiveCfg = Debug|Any CPU
		{43F977AC-A7A6-4118-BE67-69990B240006}.Debug|Any CPU.Build.0 = Debug|Any CPU
		{43F977AC-A7A6-4118-BE67-69990B240006}.Release|Any CPU.ActiveCfg = Release|Any CPU
		{43F977AC-A7A6-4118-BE67-69990B240006}.Release|Any CPU.Build.0 = Release|Any CPU
		{9ED5DD8A-14B2-49F6-B4F9-3B971FC9A5BF}.Debug|Any CPU.ActiveCfg = Debug|Any CPU
		{9ED5DD8A-14B2-49F6-B4F9-3B971FC9A5BF}.Debug|Any CPU.Build.0 = Debug|Any CPU
		{9ED5DD8A-14B2-49F6-B4F9-3B971FC9A5BF}.Release|Any CPU.ActiveCfg = Release|Any CPU
		{9ED5DD8A-14B2-49F6-B4F9-3B971FC9A5BF}.Release|Any CPU.Build.0 = Release|Any CPU
		{1779683E-304A-4A86-B1F8-47F918282D2B}.Debug|Any CPU.ActiveCfg = Debug|Any CPU
		{1779683E-304A-4A86-B1F8-47F918282D2B}.Debug|Any CPU.Build.0 = Debug|Any CPU
		{1779683E-304A-4A86-B1F8-47F918282D2B}.Release|Any CPU.ActiveCfg = Release|Any CPU
		{1779683E-304A-4A86-B1F8-47F918282D2B}.Release|Any CPU.Build.0 = Release|Any CPU
		{927AB22A-54D5-4F65-A86A-4EC0A1296965}.Debug|Any CPU.ActiveCfg = Debug|Any CPU
		{927AB22A-54D5-4F65-A86A-4EC0A1296965}.Debug|Any CPU.Build.0 = Debug|Any CPU
		{927AB22A-54D5-4F65-A86A-4EC0A1296965}.Release|Any CPU.ActiveCfg = Release|Any CPU
		{927AB22A-54D5-4F65-A86A-4EC0A1296965}.Release|Any CPU.Build.0 = Release|Any CPU
		{22596C32-D430-411F-8ADD-2029919729F1}.Debug|Any CPU.ActiveCfg = Debug|Any CPU
		{22596C32-D430-411F-8ADD-2029919729F1}.Debug|Any CPU.Build.0 = Debug|Any CPU
		{22596C32-D430-411F-8ADD-2029919729F1}.Release|Any CPU.ActiveCfg = Release|Any CPU
		{22596C32-D430-411F-8ADD-2029919729F1}.Release|Any CPU.Build.0 = Release|Any CPU
	EndGlobalSection
	GlobalSection(SolutionProperties) = preSolution
		HideSolutionNode = FALSE
	EndGlobalSection
	GlobalSection(ExtensibilityGlobals) = postSolution
		SolutionGuid = {720C68A4-4F8C-4AD5-94F2-791B3686F40C}
	EndGlobalSection
EndGlobal
